
Microsoft Visual Studio Solution File, Format Version 12.00
# Visual Studio Version 17
VisualStudioVersion = 17.11.35312.102
MinimumVisualStudioVersion = 10.0.40219.1
Project("{FAE04EC0-301F-11D3-BF4B-00C04F79EFBC}") = "prague-parking-v1", "prague-parking-v1.csproj", "{BA0ABB6F-A930-4418-A3DD-98E90EC2DF71}"
EndProject
Global
	GlobalSection(SolutionConfigurationPlatforms) = preSolution
		Debug|Any CPU = Debug|Any CPU
		Release|Any CPU = Release|Any CPU
	EndGlobalSection
	GlobalSection(ProjectConfigurationPlatforms) = postSolution
		{BA0ABB6F-A930-4418-A3DD-98E90EC2DF71}.Debug|Any CPU.ActiveCfg = Debug|Any CPU
		{BA0ABB6F-A930-4418-A3DD-98E90EC2DF71}.Debug|Any CPU.Build.0 = Debug|Any CPU
		{BA0ABB6F-A930-4418-A3DD-98E90EC2DF71}.Release|Any CPU.ActiveCfg = Release|Any CPU
		{BA0ABB6F-A930-4418-A3DD-98E90EC2DF71}.Release|Any CPU.Build.0 = Release|Any CPU
	EndGlobalSection
	GlobalSection(SolutionProperties) = preSolution
		HideSolutionNode = FALSE
	EndGlobalSection
	GlobalSection(ExtensibilityGlobals) = postSolution
		SolutionGuid = {B7825970-0D63-4306-8333-F2E89BECCC82}
	EndGlobalSection
EndGlobal
